
Microsoft Visual Studio Solution File, Format Version 12.00
# Visual Studio Version 16
VisualStudioVersion = 16.0.31129.286
MinimumVisualStudioVersion = 10.0.40219.1
Project("{FAE04EC0-301F-11D3-BF4B-00C04F79EFBC}") = "PomodoroTimer", "PomodoroTimer\PomodoroTimer.csproj", "{C899152B-EF57-4C76-B3EB-BF4E30F8A610}"
EndProject
Global
	GlobalSection(SolutionConfigurationPlatforms) = preSolution
		Debug|Any CPU = Debug|Any CPU
		Release|Any CPU = Release|Any CPU
	EndGlobalSection
	GlobalSection(ProjectConfigurationPlatforms) = postSolution
		{C899152B-EF57-4C76-B3EB-BF4E30F8A610}.Debug|Any CPU.ActiveCfg = Debug|Any CPU
		{C899152B-EF57-4C76-B3EB-BF4E30F8A610}.Debug|Any CPU.Build.0 = Debug|Any CPU
		{C899152B-EF57-4C76-B3EB-BF4E30F8A610}.Release|Any CPU.ActiveCfg = Release|Any CPU
		{C899152B-EF57-4C76-B3EB-BF4E30F8A610}.Release|Any CPU.Build.0 = Release|Any CPU
	EndGlobalSection
	GlobalSection(SolutionProperties) = preSolution
		HideSolutionNode = FALSE
	EndGlobalSection
	GlobalSection(ExtensibilityGlobals) = postSolution
		SolutionGuid = {4186FC15-68AA-459C-A557-858CD1F1B220}
	EndGlobalSection
EndGlobal
